<?xml version="1.0" encoding="utf-8"?>
<Project ToolsVersion="4.0" xmlns="http://schemas.microsoft.com/developer/msbuild/2003">
  <ItemGroup>
    <Filter Include="헤더 파일">
      <UniqueIdentifier>{93995380-89BD-4b04-88EB-625FBE52EBFB}</UniqueIdentifier>
      <Extensions>h;hh;hpp;hxx;hm;inl;inc;ipp;xsd</Extensions>
    </Filter>
    <Filter Include="리소스 파일">
      <UniqueIdentifier>{67DA6AB6-F800-4c08-8B7A-83BB121AAD01}</UniqueIdentifier>
      <Extensions>rc;ico;cur;bmp;dlg;rc2;rct;bin;rgs;gif;jpg;jpeg;jpe;resx;tiff;tif;png;wav;mfcribbon-ms</Extensions>
    </Filter>
    <Filter Include="mainGame">
      <UniqueIdentifier>{ea4c5740-10f5-4349-8ad6-d780ce577129}</UniqueIdentifier>
    </Filter>
    <Filter Include="Manager">
      <UniqueIdentifier>{18fb1c79-f50b-4b9b-a264-e066d2bca54b}</UniqueIdentifier>
    </Filter>
    <Filter Include="소스 파일">
      <UniqueIdentifier>{4FC737F1-C7A5-4376-A066-2A32D752A2FF}</UniqueIdentifier>
      <Extensions>cpp;c;cc;cxx;def;odl;idl;hpj;bat;asm;asmx</Extensions>
    </Filter>
    <Filter Include="base">
      <UniqueIdentifier>{3b319a7b-f402-4300-9aa3-5e72a00a51d7}</UniqueIdentifier>
    </Filter>
    <Filter Include="base\image">
      <UniqueIdentifier>{c6071c33-1efa-44cc-a846-47833fbef4fe}</UniqueIdentifier>
    </Filter>
    <Filter Include="base\gameNode">
      <UniqueIdentifier>{71e18ebb-4095-48a9-bf64-0101a4b28e62}</UniqueIdentifier>
    </Filter>
    <Filter Include="base\singletonBase">
      <UniqueIdentifier>{1352499b-c472-4ac9-85cb-71b3f3226ffd}</UniqueIdentifier>
    </Filter>
    <Filter Include="base\UTIL">
      <UniqueIdentifier>{ee673918-6273-48b6-b9d8-c4d87fd95bc1}</UniqueIdentifier>
    </Filter>
    <Filter Include="base\애니메이션">
      <UniqueIdentifier>{815067c8-1852-4de4-88c6-942efbfbdbf6}</UniqueIdentifier>
    </Filter>
    <Filter Include="base\이펙트">
      <UniqueIdentifier>{a85304e6-b75f-4c0c-8b3c-6a086fab35f1}</UniqueIdentifier>
    </Filter>
    <Filter Include="base\타이머">
      <UniqueIdentifier>{63bdded0-ba64-47dd-adec-960c099f3b07}</UniqueIdentifier>
    </Filter>
    <Filter Include="Scene">
      <UniqueIdentifier>{013f3ade-f946-4e03-b98c-0b31a6135038}</UniqueIdentifier>
    </Filter>
    <Filter Include="UI">
      <UniqueIdentifier>{41acc89b-acfe-431c-9a4a-eec01ecbecaa}</UniqueIdentifier>
    </Filter>
    <Filter Include="Object">
      <UniqueIdentifier>{a0bf7726-ee22-4476-a9d3-030c50406159}</UniqueIdentifier>
    </Filter>
    <Filter Include="pch">
      <UniqueIdentifier>{4f44fb4a-bc77-4a5c-afbe-99f594638bc0}</UniqueIdentifier>
    </Filter>
    <Filter Include="Object\Unit">
      <UniqueIdentifier>{3210982e-1d9b-4e2e-9a9e-d7cdf14b926b}</UniqueIdentifier>
    </Filter>
  </ItemGroup>
  <ItemGroup>
    <ClInclude Include="targetver.h">
      <Filter>헤더 파일</Filter>
    </ClInclude>
    <ClInclude Include="Resource.h">
      <Filter>헤더 파일</Filter>
    </ClInclude>
    <ClInclude Include="API_FrameWork.h">
      <Filter>헤더 파일</Filter>
    </ClInclude>
    <ClInclude Include="commonMacroFunction.h">
      <Filter>헤더 파일</Filter>
    </ClInclude>
    <ClInclude Include="mainGame.h">
      <Filter>mainGame</Filter>
    </ClInclude>
    <ClInclude Include="manager\effectManager.h">
      <Filter>Manager</Filter>
    </ClInclude>
    <ClInclude Include="manager\imageManager.h">
      <Filter>Manager</Filter>
    </ClInclude>
    <ClInclude Include="manager\keyManager.h">
      <Filter>Manager</Filter>
    </ClInclude>
    <ClInclude Include="manager\sceneManager.h">
      <Filter>Manager</Filter>
    </ClInclude>
    <ClInclude Include="manager\soundManager.h">
      <Filter>Manager</Filter>
    </ClInclude>
    <ClInclude Include="manager\timeManager.h">
      <Filter>Manager</Filter>
    </ClInclude>
    <ClInclude Include="manager\randomFunction.h">
      <Filter>Manager</Filter>
    </ClInclude>
    <ClInclude Include="base\gameNode.h">
      <Filter>base\gameNode</Filter>
    </ClInclude>
    <ClInclude Include="base\image.h">
      <Filter>base\image</Filter>
    </ClInclude>
    <ClInclude Include="base\singletonBase.h">
      <Filter>base\singletonBase</Filter>
    </ClInclude>
    <ClInclude Include="base\utils.h">
      <Filter>base\UTIL</Filter>
    </ClInclude>
    <ClInclude Include="base\animation.h">
      <Filter>base\애니메이션</Filter>
    </ClInclude>
    <ClInclude Include="base\effect.h">
      <Filter>base\이펙트</Filter>
    </ClInclude>
    <ClInclude Include="base\timer.h">
      <Filter>base\타이머</Filter>
    </ClInclude>
    <ClInclude Include="stdafx.h">
      <Filter>pch</Filter>
    </ClInclude>
    <ClInclude Include="Object\Unit\Player.h">
      <Filter>Object\Unit</Filter>
    </ClInclude>
    <ClInclude Include="Scene\stage.h">
      <Filter>Scene</Filter>
    </ClInclude>
  </ItemGroup>
  <ItemGroup>
    <ClCompile Include="winMain.cpp">
      <Filter>소스 파일</Filter>
    </ClCompile>
    <ClCompile Include="mainGame.cpp">
      <Filter>mainGame</Filter>
    </ClCompile>
    <ClCompile Include="manager\effectManager.cpp">
      <Filter>Manager</Filter>
    </ClCompile>
    <ClCompile Include="manager\imageManager.cpp">
      <Filter>Manager</Filter>
    </ClCompile>
    <ClCompile Include="manager\keyManager.cpp">
      <Filter>Manager</Filter>
    </ClCompile>
    <ClCompile Include="manager\sceneManager.cpp">
      <Filter>Manager</Filter>
    </ClCompile>
    <ClCompile Include="manager\soundManager.cpp">
      <Filter>Manager</Filter>
    </ClCompile>
    <ClCompile Include="manager\timeManager.cpp">
      <Filter>Manager</Filter>
    </ClCompile>
    <ClCompile Include="base\gameNode.cpp">
      <Filter>base\gameNode</Filter>
    </ClCompile>
    <ClCompile Include="base\image.cpp">
      <Filter>base\image</Filter>
    </ClCompile>
    <ClCompile Include="base\utils.cpp">
      <Filter>base\UTIL</Filter>
    </ClCompile>
    <ClCompile Include="base\animation.cpp">
      <Filter>base\애니메이션</Filter>
    </ClCompile>
    <ClCompile Include="base\effect.cpp">
      <Filter>base\이펙트</Filter>
    </ClCompile>
    <ClCompile Include="base\timer.cpp">
      <Filter>base\타이머</Filter>
    </ClCompile>
    <ClCompile Include="stdafx.cpp">
      <Filter>pch</Filter>
    </ClCompile>
    <ClCompile Include="Object\Unit\Player.cpp">
      <Filter>Object\Unit</Filter>
    </ClCompile>
    <ClCompile Include="Scene\stage.cpp">
      <Filter>Scene</Filter>
    </ClCompile>
  </ItemGroup>
</Project>